{
  "requires": true,
  "lockfileVersion": 1,
  "dependencies": {
    "date-fns-tz": {
      "version": "1.1.4",
      "resolved": "https://registry.npmjs.org/date-fns-tz/-/date-fns-tz-1.1.4.tgz",
      "integrity": "sha512-lQ+FF7xUxxRuRqIY7H/lagnT3PhhSnnvtGHzjE5WZKwRyLU7glJfLys05SZ7zHlEr6RXWiqkmgWq4nCkcElR+g=="
    }
  }
}
