
Microsoft Visual Studio Solution File, Format Version 12.00
# Visual Studio Version 17
VisualStudioVersion = 17.5.002.0
MinimumVisualStudioVersion = 10.0.40219.1
Project("{9A19103F-16F7-4668-BE54-9A1E7A4F7556}") = "RIPA.Functions.Stop", "RIPA.Functions.Stop.csproj", "{B828B7E5-380E-43AF-AB03-C2BBE09D0D49}"
EndProject
Global
	GlobalSection(SolutionConfigurationPlatforms) = preSolution
		Debug|Any CPU = Debug|Any CPU
		Release|Any CPU = Release|Any CPU
	EndGlobalSection
	GlobalSection(ProjectConfigurationPlatforms) = postSolution
		{B828B7E5-380E-43AF-AB03-C2BBE09D0D49}.Debug|Any CPU.ActiveCfg = Debug|Any CPU
		{B828B7E5-380E-43AF-AB03-C2BBE09D0D49}.Debug|Any CPU.Build.0 = Debug|Any CPU
		{B828B7E5-380E-43AF-AB03-C2BBE09D0D49}.Release|Any CPU.ActiveCfg = Release|Any CPU
		{B828B7E5-380E-43AF-AB03-C2BBE09D0D49}.Release|Any CPU.Build.0 = Release|Any CPU
	EndGlobalSection
	GlobalSection(SolutionProperties) = preSolution
		HideSolutionNode = FALSE
	EndGlobalSection
	GlobalSection(ExtensibilityGlobals) = postSolution
		SolutionGuid = {265AFB76-0138-4294-831A-39E89F031763}
	EndGlobalSection
EndGlobal
